
Microsoft Visual Studio Solution File, Format Version 12.00
# Visual Studio 15
VisualStudioVersion = 15.0.27703.2042
MinimumVisualStudioVersion = 10.0.40219.1
Project("{9A19103F-16F7-4668-BE54-9A1E7A4F7556}") = "Mmu.Mlh.DataAccess.FileSystem", "Sources\Application\Mmu.Mlh.DataAccess.FileSystem.csproj", "{4B831186-7F77-4E5A-95DB-B12E6AD23311}"
EndProject
Project("{9A19103F-16F7-4668-BE54-9A1E7A4F7556}") = "Mmu.Mlh.DataAccess.FileSystem.TestConsole", "Sources\TestConsole\Mmu.Mlh.DataAccess.FileSystem.TestConsole.csproj", "{3107CD04-F032-4F60-AAF5-497723A51D06}"
EndProject
Global
	GlobalSection(SolutionConfigurationPlatforms) = preSolution
		Debug|Any CPU = Debug|Any CPU
		Release|Any CPU = Release|Any CPU
	EndGlobalSection
	GlobalSection(ProjectConfigurationPlatforms) = postSolution
		{4B831186-7F77-4E5A-95DB-B12E6AD23311}.Debug|Any CPU.ActiveCfg = Debug|Any CPU
		{4B831186-7F77-4E5A-95DB-B12E6AD23311}.Debug|Any CPU.Build.0 = Debug|Any CPU
		{4B831186-7F77-4E5A-95DB-B12E6AD23311}.Release|Any CPU.ActiveCfg = Release|Any CPU
		{4B831186-7F77-4E5A-95DB-B12E6AD23311}.Release|Any CPU.Build.0 = Release|Any CPU
		{3107CD04-F032-4F60-AAF5-497723A51D06}.Debug|Any CPU.ActiveCfg = Debug|Any CPU
		{3107CD04-F032-4F60-AAF5-497723A51D06}.Debug|Any CPU.Build.0 = Debug|Any CPU
		{3107CD04-F032-4F60-AAF5-497723A51D06}.Release|Any CPU.ActiveCfg = Release|Any CPU
		{3107CD04-F032-4F60-AAF5-497723A51D06}.Release|Any CPU.Build.0 = Release|Any CPU
	EndGlobalSection
	GlobalSection(SolutionProperties) = preSolution
		HideSolutionNode = FALSE
	EndGlobalSection
	GlobalSection(ExtensibilityGlobals) = postSolution
		SolutionGuid = {25867344-B273-48BD-B430-EDFFADF28051}
	EndGlobalSection
EndGlobal
